
Microsoft Visual Studio Solution File, Format Version 12.00
# Visual Studio Version 16
VisualStudioVersion = 16.0.28803.156
MinimumVisualStudioVersion = 10.0.40219.1
Project("{FAE04EC0-301F-11D3-BF4B-00C04F79EFBC}") = "SystemWatcher", "SystemWatcher\SystemWatcher.csproj", "{6FB780CF-91E6-41FA-9AC3-6F220339A991}"
EndProject
Global
	GlobalSection(SolutionConfigurationPlatforms) = preSolution
		Debug|Any CPU = Debug|Any CPU
		Release|Any CPU = Release|Any CPU
	EndGlobalSection
	GlobalSection(ProjectConfigurationPlatforms) = postSolution
		{6FB780CF-91E6-41FA-9AC3-6F220339A991}.Debug|Any CPU.ActiveCfg = Debug|Any CPU
		{6FB780CF-91E6-41FA-9AC3-6F220339A991}.Debug|Any CPU.Build.0 = Debug|Any CPU
		{6FB780CF-91E6-41FA-9AC3-6F220339A991}.Release|Any CPU.ActiveCfg = Release|Any CPU
		{6FB780CF-91E6-41FA-9AC3-6F220339A991}.Release|Any CPU.Build.0 = Release|Any CPU
	EndGlobalSection
	GlobalSection(SolutionProperties) = preSolution
		HideSolutionNode = FALSE
	EndGlobalSection
	GlobalSection(ExtensibilityGlobals) = postSolution
		SolutionGuid = {D1124163-3338-406E-9AC4-16A9391315B6}
	EndGlobalSection
EndGlobal
